{
  "version": "3",
  "packages": {
    "specifiers": {
      "npm:@textlint/kernel@14.3.0": "npm:@textlint/kernel@14.3.0",
      "npm:esbuild@0.24.0": "npm:esbuild@0.24.0",
      "npm:ignore@6.0.2": "npm:ignore@6.0.2",
      "npm:obsidian@1.7.2": "npm:obsidian@1.7.2_@codemirror+state@6.4.1_@codemirror+view@6.34.1"
    },
    "npm": {
      "@codemirror/state@6.4.1": {
        "integrity": "sha512-QkEyUiLhsJoZkbumGZlswmAhA7CBU02Wrz7zvH4SrcifbsqwlXShVXg65f3v/ts57W3dqyamEriMhij1Z3Zz4A==",
        "dependencies": {}
      },
      "@codemirror/view@6.34.1": {
        "integrity": "sha512-t1zK/l9UiRqwUNPm+pdIT0qzJlzuVckbTEMVNFhfWkGiBQClstzg+78vedCvLSX0xJEZ6lwZbPpnljL7L6iwMQ==",
        "dependencies": {
          "@codemirror/state": "@codemirror/state@6.4.1",
          "style-mod": "style-mod@4.1.2",
          "w3c-keyname": "w3c-keyname@2.2.8"
        }
      },
      "@esbuild/aix-ppc64@0.24.0": {
        "integrity": "sha512-WtKdFM7ls47zkKHFVzMz8opM7LkcsIp9amDUBIAWirg70RM71WRSjdILPsY5Uv1D42ZpUfaPILDlfactHgsRkw==",
        "dependencies": {}
      },
      "@esbuild/android-arm64@0.24.0": {
        "integrity": "sha512-Vsm497xFM7tTIPYK9bNTYJyF/lsP590Qc1WxJdlB6ljCbdZKU9SY8i7+Iin4kyhV/KV5J2rOKsBQbB77Ab7L/w==",
        "dependencies": {}
      },
      "@esbuild/android-arm@0.24.0": {
        "integrity": "sha512-arAtTPo76fJ/ICkXWetLCc9EwEHKaeya4vMrReVlEIUCAUncH7M4bhMQ+M9Vf+FFOZJdTNMXNBrWwW+OXWpSew==",
        "dependencies": {}
      },
      "@esbuild/android-x64@0.24.0": {
        "integrity": "sha512-t8GrvnFkiIY7pa7mMgJd7p8p8qqYIz1NYiAoKc75Zyv73L3DZW++oYMSHPRarcotTKuSs6m3hTOa5CKHaS02TQ==",
        "dependencies": {}
      },
      "@esbuild/darwin-arm64@0.24.0": {
        "integrity": "sha512-CKyDpRbK1hXwv79soeTJNHb5EiG6ct3efd/FTPdzOWdbZZfGhpbcqIpiD0+vwmpu0wTIL97ZRPZu8vUt46nBSw==",
        "dependencies": {}
      },
      "@esbuild/darwin-x64@0.24.0": {
        "integrity": "sha512-rgtz6flkVkh58od4PwTRqxbKH9cOjaXCMZgWD905JOzjFKW+7EiUObfd/Kav+A6Gyud6WZk9w+xu6QLytdi2OA==",
        "dependencies": {}
      },
      "@esbuild/freebsd-arm64@0.24.0": {
        "integrity": "sha512-6Mtdq5nHggwfDNLAHkPlyLBpE5L6hwsuXZX8XNmHno9JuL2+bg2BX5tRkwjyfn6sKbxZTq68suOjgWqCicvPXA==",
        "dependencies": {}
      },
      "@esbuild/freebsd-x64@0.24.0": {
        "integrity": "sha512-D3H+xh3/zphoX8ck4S2RxKR6gHlHDXXzOf6f/9dbFt/NRBDIE33+cVa49Kil4WUjxMGW0ZIYBYtaGCa2+OsQwQ==",
        "dependencies": {}
      },
      "@esbuild/linux-arm64@0.24.0": {
        "integrity": "sha512-TDijPXTOeE3eaMkRYpcy3LarIg13dS9wWHRdwYRnzlwlA370rNdZqbcp0WTyyV/k2zSxfko52+C7jU5F9Tfj1g==",
        "dependencies": {}
      },
      "@esbuild/linux-arm@0.24.0": {
        "integrity": "sha512-gJKIi2IjRo5G6Glxb8d3DzYXlxdEj2NlkixPsqePSZMhLudqPhtZ4BUrpIuTjJYXxvF9njql+vRjB2oaC9XpBw==",
        "dependencies": {}
      },
      "@esbuild/linux-ia32@0.24.0": {
        "integrity": "sha512-K40ip1LAcA0byL05TbCQ4yJ4swvnbzHscRmUilrmP9Am7//0UjPreh4lpYzvThT2Quw66MhjG//20mrufm40mA==",
        "dependencies": {}
      },
      "@esbuild/linux-loong64@0.24.0": {
        "integrity": "sha512-0mswrYP/9ai+CU0BzBfPMZ8RVm3RGAN/lmOMgW4aFUSOQBjA31UP8Mr6DDhWSuMwj7jaWOT0p0WoZ6jeHhrD7g==",
        "dependencies": {}
      },
      "@esbuild/linux-mips64el@0.24.0": {
        "integrity": "sha512-hIKvXm0/3w/5+RDtCJeXqMZGkI2s4oMUGj3/jM0QzhgIASWrGO5/RlzAzm5nNh/awHE0A19h/CvHQe6FaBNrRA==",
        "dependencies": {}
      },
      "@esbuild/linux-ppc64@0.24.0": {
        "integrity": "sha512-HcZh5BNq0aC52UoocJxaKORfFODWXZxtBaaZNuN3PUX3MoDsChsZqopzi5UupRhPHSEHotoiptqikjN/B77mYQ==",
        "dependencies": {}
      },
      "@esbuild/linux-riscv64@0.24.0": {
        "integrity": "sha512-bEh7dMn/h3QxeR2KTy1DUszQjUrIHPZKyO6aN1X4BCnhfYhuQqedHaa5MxSQA/06j3GpiIlFGSsy1c7Gf9padw==",
        "dependencies": {}
      },
      "@esbuild/linux-s390x@0.24.0": {
        "integrity": "sha512-ZcQ6+qRkw1UcZGPyrCiHHkmBaj9SiCD8Oqd556HldP+QlpUIe2Wgn3ehQGVoPOvZvtHm8HPx+bH20c9pvbkX3g==",
        "dependencies": {}
      },
      "@esbuild/linux-x64@0.24.0": {
        "integrity": "sha512-vbutsFqQ+foy3wSSbmjBXXIJ6PL3scghJoM8zCL142cGaZKAdCZHyf+Bpu/MmX9zT9Q0zFBVKb36Ma5Fzfa8xA==",
        "dependencies": {}
      },
      "@esbuild/netbsd-x64@0.24.0": {
        "integrity": "sha512-hjQ0R/ulkO8fCYFsG0FZoH+pWgTTDreqpqY7UnQntnaKv95uP5iW3+dChxnx7C3trQQU40S+OgWhUVwCjVFLvg==",
        "dependencies": {}
      },
      "@esbuild/openbsd-arm64@0.24.0": {
        "integrity": "sha512-MD9uzzkPQbYehwcN583yx3Tu5M8EIoTD+tUgKF982WYL9Pf5rKy9ltgD0eUgs8pvKnmizxjXZyLt0z6DC3rRXg==",
        "dependencies": {}
      },
      "@esbuild/openbsd-x64@0.24.0": {
        "integrity": "sha512-4ir0aY1NGUhIC1hdoCzr1+5b43mw99uNwVzhIq1OY3QcEwPDO3B7WNXBzaKY5Nsf1+N11i1eOfFcq+D/gOS15Q==",
        "dependencies": {}
      },
      "@esbuild/sunos-x64@0.24.0": {
        "integrity": "sha512-jVzdzsbM5xrotH+W5f1s+JtUy1UWgjU0Cf4wMvffTB8m6wP5/kx0KiaLHlbJO+dMgtxKV8RQ/JvtlFcdZ1zCPA==",
        "dependencies": {}
      },
      "@esbuild/win32-arm64@0.24.0": {
        "integrity": "sha512-iKc8GAslzRpBytO2/aN3d2yb2z8XTVfNV0PjGlCxKo5SgWmNXx82I/Q3aG1tFfS+A2igVCY97TJ8tnYwpUWLCA==",
        "dependencies": {}
      },
      "@esbuild/win32-ia32@0.24.0": {
        "integrity": "sha512-vQW36KZolfIudCcTnaTpmLQ24Ha1RjygBo39/aLkM2kmjkWmZGEJ5Gn9l5/7tzXA42QGIoWbICfg6KLLkIw6yw==",
        "dependencies": {}
      },
      "@esbuild/win32-x64@0.24.0": {
        "integrity": "sha512-7IAFPrjSQIJrGsK6flwg7NFmwBoSTyF3rl7If0hNUFQU4ilTsEPL6GuMuU9BfIWVVGuRnuIidkSMC+c0Otu8IA==",
        "dependencies": {}
      },
      "@textlint/ast-node-types@14.3.0": {
        "integrity": "sha512-baDgKcA8MeO55I2+LNc9FTAJ/aUKlxN6DgM5B511tT9kDwECXRk+iYi/H+oaP25z5Zq3FqrL6n7mmyfFWDUWkQ==",
        "dependencies": {}
      },
      "@textlint/ast-tester@14.3.0": {
        "integrity": "sha512-K1TbF1Kko1XAKCWuFY/TkZO521ZWv2DAHu4JYsqqY/PnqqySHZorjSG78EfYBhkVq1E3ktprlAJmp8GNmpoYWQ==",
        "dependencies": {
          "@textlint/ast-node-types": "@textlint/ast-node-types@14.3.0",
          "debug": "debug@4.3.7"
        }
      },
      "@textlint/ast-traverse@14.3.0": {
        "integrity": "sha512-1YA5M2T+KeIHC0br5FwhkTwuLEUxkf5K5QtXJmXSF0Mf06ZlLfZ44RMlKYD3ElmzG+TmpmFdKIs4FzFSJRtslw==",
        "dependencies": {
          "@textlint/ast-node-types": "@textlint/ast-node-types@14.3.0"
        }
      },
      "@textlint/feature-flag@14.3.0": {
        "integrity": "sha512-wWKbyHpmwxEEcyoBMd2u6GB5bw7vJ2a68HmBRknUABFL7vvp8JAzf4D/I2cLXgV06OoMbWE+hnV2CInayJiCpA==",
        "dependencies": {}
      },
      "@textlint/kernel@14.3.0": {
        "integrity": "sha512-RLkIJjP+GtrLmjLtAYSCORKF55z5wtw2E9Vb4h3RSQLjzYopQ3s9N1LbUwLJDr8tz0AphtOb6t1efF3d+NIemw==",
        "dependencies": {
          "@textlint/ast-node-types": "@textlint/ast-node-types@14.3.0",
          "@textlint/ast-tester": "@textlint/ast-tester@14.3.0",
          "@textlint/ast-traverse": "@textlint/ast-traverse@14.3.0",
          "@textlint/feature-flag": "@textlint/feature-flag@14.3.0",
          "@textlint/source-code-fixer": "@textlint/source-code-fixer@14.3.0",
          "@textlint/types": "@textlint/types@14.3.0",
          "@textlint/utils": "@textlint/utils@14.3.0",
          "debug": "debug@4.3.7",
          "fast-equals": "fast-equals@4.0.3",
          "structured-source": "structured-source@4.0.0"
        }
      },
      "@textlint/source-code-fixer@14.3.0": {
        "integrity": "sha512-KJJoiN1Ha9R6tJrg3KHnYkq0s86D53PUjYxxCYJxo9Q8yTcXx+aXPspvgW+qGD+qcQxjarqbLl6m8uRlbyrg3Q==",
        "dependencies": {
          "@textlint/types": "@textlint/types@14.3.0",
          "debug": "debug@4.3.7"
        }
      },
      "@textlint/types@14.3.0": {
        "integrity": "sha512-zvPCQUpK1hOQA6Bg4XLYvKbOvFcQT65Nm25wsDdOGRgOvZbUzA+DJkiaH9Z8DAaJx83tTknIeLl4qwu97Hw1Ew==",
        "dependencies": {
          "@textlint/ast-node-types": "@textlint/ast-node-types@14.3.0"
        }
      },
      "@textlint/utils@14.3.0": {
        "integrity": "sha512-Q7bKiPobKCDXM5z+xByLZzSjcOBhvlDufQGHNgHR8EFie2/AFc68cN8RYCY0MmwCMBMuHuYaOzfIOpQpK9oTcQ==",
        "dependencies": {}
      },
      "@types/codemirror@5.60.8": {
        "integrity": "sha512-VjFgDF/eB+Aklcy15TtOTLQeMjTo07k7KAjql8OK5Dirr7a6sJY4T1uVBDuTVG9VEmn1uUsohOpYnVfgC6/jyw==",
        "dependencies": {
          "@types/tern": "@types/tern@0.23.9"
        }
      },
      "@types/estree@1.0.6": {
        "integrity": "sha512-AYnb1nQyY49te+VRAVgmzfcgjYS91mY5P0TKUDCLEM+gNnA+3T6rWITXRLYCpahpqSQbN5cE+gHpnPyXjHWxcw==",
        "dependencies": {}
      },
      "@types/tern@0.23.9": {
        "integrity": "sha512-ypzHFE/wBzh+BlH6rrBgS5I/Z7RD21pGhZ2rltb/+ZrVM1awdZwjx7hE5XfuYgHWk9uvV5HLZN3SloevCAp3Bw==",
        "dependencies": {
          "@types/estree": "@types/estree@1.0.6"
        }
      },
      "boundary@2.0.0": {
        "integrity": "sha512-rJKn5ooC9u8q13IMCrW0RSp31pxBCHE3y9V/tp3TdWSLf8Em3p6Di4NBpfzbJge9YjjFEsD0RtFEjtvHL5VyEA==",
        "dependencies": {}
      },
      "debug@4.3.7": {
        "integrity": "sha512-Er2nc/H7RrMXZBFCEim6TCmMk02Z8vLC2Rbi1KEBggpo0fS6l0S1nnapwmIi3yW/+GOJap1Krg4w0Hg80oCqgQ==",
        "dependencies": {
          "ms": "ms@2.1.3"
        }
      },
      "esbuild@0.24.0": {
        "integrity": "sha512-FuLPevChGDshgSicjisSooU0cemp/sGXR841D5LHMB7mTVOmsEHcAxaH3irL53+8YDIeVNQEySh4DaYU/iuPqQ==",
        "dependencies": {
          "@esbuild/aix-ppc64": "@esbuild/aix-ppc64@0.24.0",
          "@esbuild/android-arm": "@esbuild/android-arm@0.24.0",
          "@esbuild/android-arm64": "@esbuild/android-arm64@0.24.0",
          "@esbuild/android-x64": "@esbuild/android-x64@0.24.0",
          "@esbuild/darwin-arm64": "@esbuild/darwin-arm64@0.24.0",
          "@esbuild/darwin-x64": "@esbuild/darwin-x64@0.24.0",
          "@esbuild/freebsd-arm64": "@esbuild/freebsd-arm64@0.24.0",
          "@esbuild/freebsd-x64": "@esbuild/freebsd-x64@0.24.0",
          "@esbuild/linux-arm": "@esbuild/linux-arm@0.24.0",
          "@esbuild/linux-arm64": "@esbuild/linux-arm64@0.24.0",
          "@esbuild/linux-ia32": "@esbuild/linux-ia32@0.24.0",
          "@esbuild/linux-loong64": "@esbuild/linux-loong64@0.24.0",
          "@esbuild/linux-mips64el": "@esbuild/linux-mips64el@0.24.0",
          "@esbuild/linux-ppc64": "@esbuild/linux-ppc64@0.24.0",
          "@esbuild/linux-riscv64": "@esbuild/linux-riscv64@0.24.0",
          "@esbuild/linux-s390x": "@esbuild/linux-s390x@0.24.0",
          "@esbuild/linux-x64": "@esbuild/linux-x64@0.24.0",
          "@esbuild/netbsd-x64": "@esbuild/netbsd-x64@0.24.0",
          "@esbuild/openbsd-arm64": "@esbuild/openbsd-arm64@0.24.0",
          "@esbuild/openbsd-x64": "@esbuild/openbsd-x64@0.24.0",
          "@esbuild/sunos-x64": "@esbuild/sunos-x64@0.24.0",
          "@esbuild/win32-arm64": "@esbuild/win32-arm64@0.24.0",
          "@esbuild/win32-ia32": "@esbuild/win32-ia32@0.24.0",
          "@esbuild/win32-x64": "@esbuild/win32-x64@0.24.0"
        }
      },
      "fast-equals@4.0.3": {
        "integrity": "sha512-G3BSX9cfKttjr+2o1O22tYMLq0DPluZnYtq1rXumE1SpL/F/SLIfHx08WYQoWSIpeMYf8sRbJ8++71+v6Pnxfg==",
        "dependencies": {}
      },
      "ignore@6.0.2": {
        "integrity": "sha512-InwqeHHN2XpumIkMvpl/DCJVrAHgCsG5+cn1XlnLWGwtZBm8QJfSusItfrwx81CTp5agNZqpKU2J/ccC5nGT4A==",
        "dependencies": {}
      },
      "moment@2.29.4": {
        "integrity": "sha512-5LC9SOxjSc2HF6vO2CyuTDNivEdoz2IvyJJGj6X8DJ0eFyfszE0QiEd+iXmBvUP3WHxSjFH/vIsA0EN00cgr8w==",
        "dependencies": {}
      },
      "ms@2.1.3": {
        "integrity": "sha512-6FlzubTLZG3J2a/NVCAleEhjzq5oxgHyaCU9yYXvcLsvoVaHJq/s5xXI6/XXP6tz7R9xAOtHnSO/tXtF3WRTlA==",
        "dependencies": {}
      },
      "obsidian@1.7.2_@codemirror+state@6.4.1_@codemirror+view@6.34.1": {
        "integrity": "sha512-k9hN9brdknJC+afKr5FQzDRuEFGDKbDjfCazJwpgibwCAoZNYHYV8p/s3mM8I6AsnKrPKNXf8xGuMZ4enWelZQ==",
        "dependencies": {
          "@codemirror/state": "@codemirror/state@6.4.1",
          "@codemirror/view": "@codemirror/view@6.34.1",
          "@types/codemirror": "@types/codemirror@5.60.8",
          "moment": "moment@2.29.4"
        }
      },
      "structured-source@4.0.0": {
        "integrity": "sha512-qGzRFNJDjFieQkl/sVOI2dUjHKRyL9dAJi2gCPGJLbJHBIkyOHxjuocpIEfbLioX+qSJpvbYdT49/YCdMznKxA==",
        "dependencies": {
          "boundary": "boundary@2.0.0"
        }
      },
      "style-mod@4.1.2": {
        "integrity": "sha512-wnD1HyVqpJUI2+eKZ+eo1UwghftP6yuFheBqqe+bWCotBjC2K1YnteJILRMs3SM4V/0dLEW1SC27MWP5y+mwmw==",
        "dependencies": {}
      },
      "w3c-keyname@2.2.8": {
        "integrity": "sha512-dpojBhNsCNN7T82Tm7k26A6G9ML3NkhDsnw9n/eoxSRlVBB4CEtIQ/KTCLI2Fwf3ataSXRhYFkQi3SlnFwPvPQ==",
        "dependencies": {}
      }
    }
  },
  "remote": {},
  "workspace": {
    "dependencies": [
      "npm:@textlint/kernel@14.3.0",
      "npm:esbuild@0.24.0",
      "npm:ignore@6.0.2",
      "npm:obsidian@1.7.2"
    ]
  }
}
